Microsoft Visual Studio Solution File, Format Version 12.00
# Visual Studio 14
VisualStudioVersion = 14.0.25420.1
MinimumVisualStudioVersion = 10.0.40219.1
Project("{FAE04EC0-301F-11D3-BF4B-00C04F79EFBC}") = "Withings.NET", "Withings.NET\Withings.NET.csproj", "{D2E459A9-C641-40A5-9124-35A4539E90EE}"
EndProject
Project("{FAE04EC0-301F-11D3-BF4B-00C04F79EFBC}") = "Withings.Net.Specifications", "Withings.Net.Specifications\Withings.Net.Specifications.csproj", "{36B91432-1E60-4403-A9CB-2122DAE13443}"
EndProject
Project("{FAE04EC0-301F-11D3-BF4B-00C04F79EFBC}") = "NancyExample", "NancyExample\NancyExample.csproj", "{ED638DD5-E755-4B7A-940D-5C94AB425686}"
EndProject
Global
	GlobalSection(SolutionConfigurationPlatforms) = preSolution
		Debug|Any CPU = Debug|Any CPU
		Release|Any CPU = Release|Any CPU
	EndGlobalSection
	GlobalSection(ProjectConfigurationPlatforms) = postSolution
		{D2E459A9-C641-40A5-9124-35A4539E90EE}.Debug|Any CPU.ActiveCfg = Debug|Any CPU
		{D2E459A9-C641-40A5-9124-35A4539E90EE}.Debug|Any CPU.Build.0 = Debug|Any CPU
		{D2E459A9-C641-40A5-9124-35A4539E90EE}.Release|Any CPU.ActiveCfg = Release|Any CPU
		{D2E459A9-C641-40A5-9124-35A4539E90EE}.Release|Any CPU.Build.0 = Release|Any CPU
		{36B91432-1E60-4403-A9CB-2122DAE13443}.Debug|Any CPU.ActiveCfg = Debug|Any CPU
		{36B91432-1E60-4403-A9CB-2122DAE13443}.Debug|Any CPU.Build.0 = Debug|Any CPU
		{36B91432-1E60-4403-A9CB-2122DAE13443}.Release|Any CPU.ActiveCfg = Release|Any CPU
		{36B91432-1E60-4403-A9CB-2122DAE13443}.Release|Any CPU.Build.0 = Release|Any CPU
		{ED638DD5-E755-4B7A-940D-5C94AB425686}.Debug|Any CPU.ActiveCfg = Debug|Any CPU
		{ED638DD5-E755-4B7A-940D-5C94AB425686}.Debug|Any CPU.Build.0 = Debug|Any CPU
		{ED638DD5-E755-4B7A-940D-5C94AB425686}.Release|Any CPU.ActiveCfg = Release|Any CPU
		{ED638DD5-E755-4B7A-940D-5C94AB425686}.Release|Any CPU.Build.0 = Release|Any CPU
	EndGlobalSection
	GlobalSection(SolutionProperties) = preSolution
		HideSolutionNode = FALSE
	EndGlobalSection
EndGlobal
